<?xml version="1.0" encoding="utf-8"?>
<Project ToolsVersion="4.0" xmlns="http://schemas.microsoft.com/developer/msbuild/2003">
  <ItemGroup>
    <Filter Include="morphozoic">
      <UniqueIdentifier>{480f21a9-a8aa-4d1a-a2f8-c90b26dee737}</UniqueIdentifier>
    </Filter>
    <Filter Include="util">
      <UniqueIdentifier>{71009fb0-5d13-41d6-b608-977139c25154}</UniqueIdentifier>
    </Filter>
  </ItemGroup>
  <ItemGroup>
    <ClCompile Include="util\baseObject.cpp">
      <Filter>util</Filter>
    </ClCompile>
    <ClCompile Include="util\camera.cpp">
      <Filter>util</Filter>
    </ClCompile>
    <ClCompile Include="util\fileio.cpp">
      <Filter>util</Filter>
    </ClCompile>
    <ClCompile Include="util\frameRate.cpp">
      <Filter>util</Filter>
    </ClCompile>
    <ClCompile Include="util\frustum.cpp">
      <Filter>util</Filter>
    </ClCompile>
    <ClCompile Include="util\gettime.cpp">
      <Filter>util</Filter>
    </ClCompile>
    <ClCompile Include="util\log.cpp">
      <Filter>util</Filter>
    </ClCompile>
    <ClCompile Include="util\md5.cpp">
      <Filter>util</Filter>
    </ClCompile>
    <ClCompile Include="util\octree.cpp">
      <Filter>util</Filter>
    </ClCompile>
    <ClCompile Include="util\quaternion.cpp">
      <Filter>util</Filter>
    </ClCompile>
    <ClCompile Include="util\random.cpp">
      <Filter>util</Filter>
    </ClCompile>
    <ClCompile Include="util\spacial.cpp">
      <Filter>util</Filter>
    </ClCompile>
    <ClCompile Include="morphozoic\cell.cpp">
      <Filter>morphozoic</Filter>
    </ClCompile>
    <ClCompile Include="morphozoic\morphozoic.cpp">
      <Filter>morphozoic</Filter>
    </ClCompile>
    <ClCompile Include="morphozoic\organism.cpp">
      <Filter>morphozoic</Filter>
    </ClCompile>
    <ClCompile Include="morphozoic\parameters.cpp">
      <Filter>morphozoic</Filter>
    </ClCompile>
  </ItemGroup>
  <ItemGroup>
    <ClInclude Include="util\baseObject.hpp">
      <Filter>util</Filter>
    </ClInclude>
    <ClInclude Include="util\camera.hpp">
      <Filter>util</Filter>
    </ClInclude>
    <ClInclude Include="util\fileio.h">
      <Filter>util</Filter>
    </ClInclude>
    <ClInclude Include="util\frameRate.hpp">
      <Filter>util</Filter>
    </ClInclude>
    <ClInclude Include="util\frustum.hpp">
      <Filter>util</Filter>
    </ClInclude>
    <ClInclude Include="util\gettime.h">
      <Filter>util</Filter>
    </ClInclude>
    <ClInclude Include="util\log.hpp">
      <Filter>util</Filter>
    </ClInclude>
    <ClInclude Include="util\matrix.hpp">
      <Filter>util</Filter>
    </ClInclude>
    <ClInclude Include="util\md5.h">
      <Filter>util</Filter>
    </ClInclude>
    <ClInclude Include="util\octree.hpp">
      <Filter>util</Filter>
    </ClInclude>
    <ClInclude Include="util\quaternion.hpp">
      <Filter>util</Filter>
    </ClInclude>
    <ClInclude Include="util\random.hpp">
      <Filter>util</Filter>
    </ClInclude>
    <ClInclude Include="util\spacial.hpp">
      <Filter>util</Filter>
    </ClInclude>
    <ClInclude Include="util\vector.hpp">
      <Filter>util</Filter>
    </ClInclude>
    <ClInclude Include="morphozoic\cell.hpp">
      <Filter>morphozoic</Filter>
    </ClInclude>
    <ClInclude Include="morphozoic\morphozoic.h">
      <Filter>morphozoic</Filter>
    </ClInclude>
    <ClInclude Include="morphozoic\organism.hpp">
      <Filter>morphozoic</Filter>
    </ClInclude>
    <ClInclude Include="morphozoic\parameters.hpp">
      <Filter>morphozoic</Filter>
    </ClInclude>
    <ClInclude Include="util\common.h">
      <Filter>util</Filter>
    </ClInclude>
  </ItemGroup>
</Project>